
Microsoft Visual Studio Solution File, Format Version 12.00
# Visual Studio 15
VisualStudioVersion = 15.0.28010.2048
MinimumVisualStudioVersion = 10.0.40219.1
Project("{FAE04EC0-301F-11D3-BF4B-00C04F79EFBC}") = "DatastructuresY12", "DatastructuresY12\DatastructuresY12.csproj", "{69EE5459-42D8-45C1-BBAB-1365C24D6EA7}"
EndProject
Global
	GlobalSection(SolutionConfigurationPlatforms) = preSolution
		Debug|Any CPU = Debug|Any CPU
		Release|Any CPU = Release|Any CPU
	EndGlobalSection
	GlobalSection(ProjectConfigurationPlatforms) = postSolution
		{69EE5459-42D8-45C1-BBAB-1365C24D6EA7}.Debug|Any CPU.ActiveCfg = Debug|Any CPU
		{69EE5459-42D8-45C1-BBAB-1365C24D6EA7}.Debug|Any CPU.Build.0 = Debug|Any CPU
		{69EE5459-42D8-45C1-BBAB-1365C24D6EA7}.Release|Any CPU.ActiveCfg = Release|Any CPU
		{69EE5459-42D8-45C1-BBAB-1365C24D6EA7}.Release|Any CPU.Build.0 = Release|Any CPU
	EndGlobalSection
	GlobalSection(SolutionProperties) = preSolution
		HideSolutionNode = FALSE
	EndGlobalSection
	GlobalSection(ExtensibilityGlobals) = postSolution
		SolutionGuid = {E5C406C3-BE52-44B6-B759-138FFC6007E6}
	EndGlobalSection
EndGlobal
